
Microsoft Visual Studio Solution File, Format Version 12.00
# Visual Studio Version 17
VisualStudioVersion = 17.8.34330.188
MinimumVisualStudioVersion = 10.0.40219.1
Project("{FAE04EC0-301F-11D3-BF4B-00C04F79EFBC}") = "MusicDiscoveryApp", "MusicDiscoveryApp\MusicDiscoveryApp.csproj", "{A6C5AEE4-2B06-48EB-B601-7D65E72E5B04}"
EndProject
Global
	GlobalSection(SolutionConfigurationPlatforms) = preSolution
		Debug|Any CPU = Debug|Any CPU
		Release|Any CPU = Release|Any CPU
	EndGlobalSection
	GlobalSection(ProjectConfigurationPlatforms) = postSolution
		{A6C5AEE4-2B06-48EB-B601-7D65E72E5B04}.Debug|Any CPU.ActiveCfg = Debug|Any CPU
		{A6C5AEE4-2B06-48EB-B601-7D65E72E5B04}.Debug|Any CPU.Build.0 = Debug|Any CPU
		{A6C5AEE4-2B06-48EB-B601-7D65E72E5B04}.Debug|Any CPU.Deploy.0 = Debug|Any CPU
		{A6C5AEE4-2B06-48EB-B601-7D65E72E5B04}.Release|Any CPU.ActiveCfg = Release|Any CPU
		{A6C5AEE4-2B06-48EB-B601-7D65E72E5B04}.Release|Any CPU.Build.0 = Release|Any CPU
		{A6C5AEE4-2B06-48EB-B601-7D65E72E5B04}.Release|Any CPU.Deploy.0 = Release|Any CPU
	EndGlobalSection
	GlobalSection(SolutionProperties) = preSolution
		HideSolutionNode = FALSE
	EndGlobalSection
	GlobalSection(ExtensibilityGlobals) = postSolution
		SolutionGuid = {FC5DDF67-3769-4F44-A6B5-F8D1A848EE6F}
	EndGlobalSection
EndGlobal
